
Microsoft Visual Studio Solution File, Format Version 11.00
# Visual C# Express 2010
Project("{FAE04EC0-301F-11D3-BF4B-00C04F79EFBC}") = "VehicleBankParser", "VehicleBankParser.csproj", "{844A4AC4-0798-47C3-BD42-C93310004613}"
EndProject
Global
	GlobalSection(SolutionConfigurationPlatforms) = preSolution
		Debug|Any CPU = Debug|Any CPU
		Release|Any CPU = Release|Any CPU
	EndGlobalSection
	GlobalSection(ProjectConfigurationPlatforms) = postSolution
		{844A4AC4-0798-47C3-BD42-C93310004613}.Debug|Any CPU.ActiveCfg = Debug|Any CPU
		{844A4AC4-0798-47C3-BD42-C93310004613}.Debug|Any CPU.Build.0 = Debug|Any CPU
		{844A4AC4-0798-47C3-BD42-C93310004613}.Release|Any CPU.ActiveCfg = Release|Any CPU
		{844A4AC4-0798-47C3-BD42-C93310004613}.Release|Any CPU.Build.0 = Release|Any CPU
	EndGlobalSection
	GlobalSection(SolutionProperties) = preSolution
		HideSolutionNode = FALSE
	EndGlobalSection
EndGlobal
